<?xml version="1.0" encoding="utf-8"?>
<Project ToolsVersion="4.0" xmlns="http://schemas.microsoft.com/developer/msbuild/2003">
  <ItemGroup>
    <ClCompile Include="Exams.cpp" />
    <ClCompile Include="getInf.cpp" />
    <ClCompile Include="logic.cpp" />
    <ClCompile Include="student.cpp" />
    <ClCompile Include="user.cpp" />
    <ClCompile Include="Out_to_screen.cpp" />
    <ClCompile Include="teacher.cpp" />
  </ItemGroup>
  <ItemGroup>
    <ClInclude Include="getInf.h" />
    <ClInclude Include="logic.h" />
    <ClInclude Include="student.h" />
    <ClInclude Include="user.h" />
    <ClInclude Include="Out_to_screen.h" />
    <ClInclude Include="teacher.h" />
  </ItemGroup>
</Project>